hash: 0dc64815ab3662a26c43ddd497921626211f13bc38878a70fb5cdf6ad18ab919
updated: 2016-10-11T14:06:47.298437209+08:00
imports:
- name: github.com/maciekmm/messenger-platform-go-sdk
  version: d4827eb98b660821d2b332757f3aad98feeaf825
  subpackages:
  - template
- name: github.com/nats-io/nats
  version: 6fb7c9f736bfbbf5757b5886eaa1b03e5331fef2
  subpackages:
  - encoders/builtin
- name: github.com/nats-io/nuid
  version: 289cccf02c178dc782430d534e3c1f5b72af807f
- name: gopkg.in/maciekmm/messenger-platform-go-sdk.v4
  version: 0cb6e825b6fb086b37ffee383ed3057f3a706d0c
testImports: []
